
Microsoft Visual Studio Solution File, Format Version 12.00
# Visual Studio 15
VisualStudioVersion = 15.0.26403.7
MinimumVisualStudioVersion = 10.0.40219.1
Project("{FAE04EC0-301F-11D3-BF4B-00C04F79EFBC}") = "UnityScript2CSharp", "UnityScript2CSharp\UnityScript2CSharp.csproj", "{72C806DB-029C-4435-BA36-677440400E21}"
EndProject
Project("{FAE04EC0-301F-11D3-BF4B-00C04F79EFBC}") = "UnityScript2CSharp.Tests", "UnityScript2CSharp.Tests\UnityScript2CSharp.Tests.csproj", "{C6C49D9A-1CCF-4B0D-8CC2-B35998C11C42}"
EndProject
Global
	GlobalSection(SolutionConfigurationPlatforms) = preSolution
		Debug|Any CPU = Debug|Any CPU
		Release|Any CPU = Release|Any CPU
	EndGlobalSection
	GlobalSection(ProjectConfigurationPlatforms) = postSolution
		{72C806DB-029C-4435-BA36-677440400E21}.Debug|Any CPU.ActiveCfg = Debug|Any CPU
		{72C806DB-029C-4435-BA36-677440400E21}.Debug|Any CPU.Build.0 = Debug|Any CPU
		{72C806DB-029C-4435-BA36-677440400E21}.Release|Any CPU.ActiveCfg = Release|Any CPU
		{72C806DB-029C-4435-BA36-677440400E21}.Release|Any CPU.Build.0 = Release|Any CPU
		{C6C49D9A-1CCF-4B0D-8CC2-B35998C11C42}.Debug|Any CPU.ActiveCfg = Debug|Any CPU
		{C6C49D9A-1CCF-4B0D-8CC2-B35998C11C42}.Debug|Any CPU.Build.0 = Debug|Any CPU
		{C6C49D9A-1CCF-4B0D-8CC2-B35998C11C42}.Release|Any CPU.ActiveCfg = Release|Any CPU
		{C6C49D9A-1CCF-4B0D-8CC2-B35998C11C42}.Release|Any CPU.Build.0 = Release|Any CPU
	EndGlobalSection
	GlobalSection(SolutionProperties) = preSolution
		HideSolutionNode = FALSE
	EndGlobalSection
EndGlobal
